
Microsoft Visual Studio Solution File, Format Version 12.00
# Visual Studio 15
VisualStudioVersion = 15.0.27130.2024
MinimumVisualStudioVersion = 10.0.40219.1
Project("{8BC9CEB8-8B4A-11D0-8D11-00A0C91BC942}") = "BatchPaSR_IEM", "BatchPaSR_IEM\BatchPaSR_IEM.vcxproj", "{BD6AB4FD-275A-4113-8210-60A8B29598DD}"
EndProject
Global
	GlobalSection(SolutionConfigurationPlatforms) = preSolution
		Debug|ARM = Debug|ARM
		Debug|x64 = Debug|x64
		Debug|x86 = Debug|x86
		Release|ARM = Release|ARM
		Release|x64 = Release|x64
		Release|x86 = Release|x86
	EndGlobalSection
	GlobalSection(ProjectConfigurationPlatforms) = postSolution
		{BD6AB4FD-275A-4113-8210-60A8B29598DD}.Debug|ARM.ActiveCfg = Debug|ARM
		{BD6AB4FD-275A-4113-8210-60A8B29598DD}.Debug|ARM.Build.0 = Debug|ARM
		{BD6AB4FD-275A-4113-8210-60A8B29598DD}.Debug|x64.ActiveCfg = Debug|x64
		{BD6AB4FD-275A-4113-8210-60A8B29598DD}.Debug|x64.Build.0 = Debug|x64
		{BD6AB4FD-275A-4113-8210-60A8B29598DD}.Debug|x86.ActiveCfg = Debug|x86
		{BD6AB4FD-275A-4113-8210-60A8B29598DD}.Debug|x86.Build.0 = Debug|x86
		{BD6AB4FD-275A-4113-8210-60A8B29598DD}.Release|ARM.ActiveCfg = Release|ARM
		{BD6AB4FD-275A-4113-8210-60A8B29598DD}.Release|ARM.Build.0 = Release|ARM
		{BD6AB4FD-275A-4113-8210-60A8B29598DD}.Release|x64.ActiveCfg = Release|x64
		{BD6AB4FD-275A-4113-8210-60A8B29598DD}.Release|x64.Build.0 = Release|x64
		{BD6AB4FD-275A-4113-8210-60A8B29598DD}.Release|x86.ActiveCfg = Release|x86
		{BD6AB4FD-275A-4113-8210-60A8B29598DD}.Release|x86.Build.0 = Release|x86
	EndGlobalSection
	GlobalSection(SolutionProperties) = preSolution
		HideSolutionNode = FALSE
	EndGlobalSection
	GlobalSection(ExtensibilityGlobals) = postSolution
		SolutionGuid = {691040F1-9C8E-4E3B-86C0-9C333A8C78BC}
	EndGlobalSection
EndGlobal
